// !$*UTF8*$!
{
	archiveVersion = 1;
	classes = {
	};
	objectVersion = 50;
	objects = {

/* Begin PBXBuildFile section */
		E240F9B824BEFB1D00DB3D31 /* AppDelegate.swift in Sources */ = {isa = PBXBuildFile; fileRef = E240F9B724BEFB1D00DB3D31 /* AppDelegate.swift */; };
		E240F9BA24BEFB1D00DB3D31 /* SceneDelegate.swift in Sources */ = {isa = PBXBuildFile; fileRef = E240F9B924BEFB1D00DB3D31 /* SceneDelegate.swift */; };
		E240F9BC24BEFB1D00DB3D31 /* ViewController.swift in Sources */ = {isa = PBXBuildFile; fileRef = E240F9BB24BEFB1D00DB3D31 /* ViewController.swift */; };
		E240F9BF24BEFB1D00DB3D31 /* Main.storyboard in Resources */ = {isa = PBXBuildFile; fileRef = E240F9BD24BEFB1D00DB3D31 /* Main.storyboard */; };
		E240F9C124BEFB2000DB3D31 /* Assets.xcassets in Resources */ = {isa = PBXBuildFile; fileRef = E240F9C024BEFB2000DB3D31 /* Assets.xcassets */; };
		E240F9C424BEFB2000DB3D31 /* LaunchScreen.storyboard in Resources */ = {isa = PBXBuildFile; fileRef = E240F9C224BEFB2000DB3D31 /* LaunchScreen.storyboard */; };
		E240F9CC24BF063500DB3D31 /* Constants.swift in Sources */ = {isa = PBXBuildFile; fileRef = E240F9CB24BF063500DB3D31 /* Constants.swift */; };
		E240F9CE24BF0A6600DB3D31 /* Video.swift in Sources */ = {isa = PBXBuildFile; fileRef = E240F9CD24BF0A6600DB3D31 /* Video.swift */; };
		E240F9D024BF0AEF00DB3D31 /* Model.swift in Sources */ = {isa = PBXBuildFile; fileRef = E240F9CF24BF0AEF00DB3D31 /* Model.swift */; };
		E240F9D224C44CAC00DB3D31 /* Response.swift in Sources */ = {isa = PBXBuildFile; fileRef = E240F9D124C44CAC00DB3D31 /* Response.swift */; };
/* End PBXBuildFile section */

/* Begin PBXFileReference section */
		E240F9B424BEFB1D00DB3D31 /* youtube-onedaybuild.app */ = {isa = PBXFileReference; explicitFileType = wrapper.application; includeInIndex = 0; path = "youtube-onedaybuild.app"; sourceTree = BUILT_PRODUCTS_DIR; };
		E240F9B724BEFB1D00DB3D31 /* AppDelegate.swift */ = {isa = PBXFileReference; lastKnownFileType = sourcecode.swift; path = AppDelegate.swift; sourceTree = "<group>"; };
		E240F9B924BEFB1D00DB3D31 /* SceneDelegate.swift */ = {isa = PBXFileReference; lastKnownFileType = sourcecode.swift; path = SceneDelegate.swift; sourceTree = "<group>"; };
		E240F9BB24BEFB1D00DB3D31 /* ViewController.swift */ = {isa = PBXFileReference; lastKnownFileType = sourcecode.swift; path = ViewController.swift; sourceTree = "<group>"; };
		E240F9BE24BEFB1D00DB3D31 /* Base */ = {isa = PBXFileReference; lastKnownFileType = file.storyboard; name = Base; path = Base.lproj/Main.storyboard; sourceTree = "<group>"; };
		E240F9C024BEFB2000DB3D31 /* Assets.xcassets */ = {isa = PBXFileReference; lastKnownFileType = folder.assetcatalog; path = Assets.xcassets; sourceTree = "<group>"; };
		E240F9C324BEFB2000DB3D31 /* Base */ = {isa = PBXFileReference; lastKnownFileType = file.storyboard; name = Base; path = Base.lproj/LaunchScreen.storyboard; sourceTree = "<group>"; };
		E240F9C524BEFB2000DB3D31 /* Info.plist */ = {isa = PBXFileReference; lastKnownFileType = text.plist.xml; path = Info.plist; sourceTree = "<group>"; };
		E240F9CB24BF063500DB3D31 /* Constants.swift */ = {isa = PBXFileReference; lastKnownFileType = sourcecode.swift; path = Constants.swift; sourceTree = "<group>"; };
		E240F9CD24BF0A6600DB3D31 /* Video.swift */ = {isa = PBXFileReference; lastKnownFileType = sourcecode.swift; path = Video.swift; sourceTree = "<group>"; };
		E240F9CF24BF0AEF00DB3D31 /* Model.swift */ = {isa = PBXFileReference; lastKnownFileType = sourcecode.swift; path = Model.swift; sourceTree = "<group>"; };
		E240F9D124C44CAC00DB3D31 /* Response.swift */ = {isa = PBXFileReference; lastKnownFileType = sourcecode.swift; path = Response.swift; sourceTree = "<group>"; };
/* End PBXFileReference section */

/* Begin PBXFrameworksBuildPhase section */
		E240F9B124BEFB1D00DB3D31 /* Frameworks */ = {
			isa = PBXFrameworksBuildPhase;
			buildActionMask = 2147483647;
			files = (
			);
			runOnlyForDeploymentPostprocessing = 0;
		};
/* End PBXFrameworksBuildPhase section */

/* Begin PBXGroup section */
		E240F9AB24BEFB1D00DB3D31 = {
			isa = PBXGroup;
			children = (
				E240F9B624BEFB1D00DB3D31 /* youtube-onedaybuild */,
				E240F9B524BEFB1D00DB3D31 /* Products */,
			);
			sourceTree = "<group>";
		};
		E240F9B524BEFB1D00DB3D31 /* Products */ = {
			isa = PBXGroup;
			children = (
				E240F9B424BEFB1D00DB3D31 /* youtube-onedaybuild.app */,
			);
			name = Products;
			sourceTree = "<group>";
		};
		E240F9B624BEFB1D00DB3D31 /* youtube-onedaybuild */ = {
			isa = PBXGroup;
			children = (
				E240F9B724BEFB1D00DB3D31 /* AppDelegate.swift */,
				E240F9B924BEFB1D00DB3D31 /* SceneDelegate.swift */,
				E240F9BB24BEFB1D00DB3D31 /* ViewController.swift */,
				E240F9BD24BEFB1D00DB3D31 /* Main.storyboard */,
				E240F9CB24BF063500DB3D31 /* Constants.swift */,
				E240F9CD24BF0A6600DB3D31 /* Video.swift */,
				E240F9CF24BF0AEF00DB3D31 /* Model.swift */,
				E240F9D124C44CAC00DB3D31 /* Response.swift */,
				E240F9C024BEFB2000DB3D31 /* Assets.xcassets */,
				E240F9C224BEFB2000DB3D31 /* LaunchScreen.storyboard */,
				E240F9C524BEFB2000DB3D31 /* Info.plist */,
			);
			path = "youtube-onedaybuild";
			sourceTree = "<group>";
		};
/* End PBXGroup section */

/* Begin PBXNativeTarget section */
		E240F9B324BEFB1D00DB3D31 /* youtube-onedaybuild */ = {
			isa = PBXNativeTarget;
			buildConfigurationList = E240F9C824BEFB2000DB3D31 /* Build configuration list for PBXNativeTarget "youtube-onedaybuild" */;
			buildPhases = (
				E240F9B024BEFB1D00DB3D31 /* Sources */,
				E240F9B124BEFB1D00DB3D31 /* Frameworks */,
				E240F9B224BEFB1D00DB3D31 /* Resources */,
			);
			buildRules = (
			);
			dependencies = (
			);
			name = "youtube-onedaybuild";
			productName = "youtube-onedaybuild";
			productReference = E240F9B424BEFB1D00DB3D31 /* youtube-onedaybuild.app */;
			productType = "com.apple.product-type.application";
		};
/* End PBXNativeTarget section */

/* Begin PBXProject section */
		E240F9AC24BEFB1D00DB3D31 /* Project object */ = {
			isa = PBXProject;
			attributes = {
				LastSwiftUpdateCheck = 1150;
				LastUpgradeCheck = 1150;
				ORGANIZATIONNAME = "Maximilian Anton Metz";
				TargetAttributes = {
					E240F9B324BEFB1D00DB3D31 = {
						CreatedOnToolsVersion = 11.5;
					};
				};
			};
			buildConfigurationList = E240F9AF24BEFB1D00DB3D31 /* Build configuration list for PBXProject "youtube-onedaybuild" */;
			compatibilityVersion = "Xcode 9.3";
			developmentRegion = en;
			hasScannedForEncodings = 0;
			knownRegions = (
				en,
				Base,
			);
			mainGroup = E240F9AB24BEFB1D00DB3D31;
			productRefGroup = E240F9B524BEFB1D00DB3D31 /* Products */;
			projectDirPath = "";
			projectRoot = "";
			targets = (
				E240F9B324BEFB1D00DB3D31 /* youtube-onedaybuild */,
			);
		};
/* End PBXProject section */

/* Begin PBXResourcesBuildPhase section */
		E240F9B224BEFB1D00DB3D31 /* Resources */ = {
			isa = PBXResourcesBuildPhase;
			buildActionMask = 2147483647;
			files = (
				E240F9C424BEFB2000DB3D31 /* LaunchScreen.storyboard in Resources */,
				E240F9C124BEFB2000DB3D31 /* Assets.xcassets in Resources */,
				E240F9BF24BEFB1D00DB3D31 /* Main.storyboard in Resources */,
			);
			runOnlyForDeploymentPostprocessing = 0;
		};
/* End PBXResourcesBuildPhase section */

/* Begin PBXSourcesBuildPhase section */
		E240F9B024BEFB1D00DB3D31 /* Sources */ = {
			isa = PBXSourcesBuildPhase;
			buildActionMask = 2147483647;
			files = (
				E240F9BC24BEFB1D00DB3D31 /* ViewController.swift in Sources */,
				E240F9B824BEFB1D00DB3D31 /* AppDelegate.swift in Sources */,
				E240F9BA24BEFB1D00DB3D31 /* SceneDelegate.swift in Sources */,
				E240F9D024BF0AEF00DB3D31 /* Model.swift in Sources */,
				E240F9CC24BF063500DB3D31 /* Constants.swift in Sources */,
				E240F9CE24BF0A6600DB3D31 /* Video.swift in Sources */,
				E240F9D224C44CAC00DB3D31 /* Response.swift in Sources */,
			);
			runOnlyForDeploymentPostprocessing = 0;
		};
/* End PBXSourcesBuildPhase section */

/* Begin PBXVariantGroup section */
		E240F9BD24BEFB1D00DB3D31 /* Main.storyboard */ = {
			isa = PBXVariantGroup;
			children = (
				E240F9BE24BEFB1D00DB3D31 /* Base */,
			);
			name = Main.storyboard;
			sourceTree = "<group>";
		};
		E240F9C224BEFB2000DB3D31 /* LaunchScreen.storyboard */ = {
			isa = PBXVariantGroup;
			children = (
				E240F9C324BEFB2000DB3D31 /* Base */,
			);
			name = LaunchScreen.storyboard;
			sourceTree = "<group>";
		};
/* End PBXVariantGroup section */

/* Begin XCBuildConfiguration section */
		E240F9C624BEFB2000DB3D31 /* Debug */ = {
			isa = XCBuildConfiguration;
			buildSettings = {
				ALWAYS_SEARCH_USER_PATHS = NO;
				CLANG_ANALYZER_NONNULL = YES;
				CLANG_ANALYZER_NUMBER_OBJECT_CONVERSION = YES_AGGRESSIVE;
				CLANG_CXX_LANGUAGE_STANDARD = "gnu++14";
				CLANG_CXX_LIBRARY = "libc++";
				CLANG_ENABLE_MODULES = YES;
				CLANG_ENABLE_OBJC_ARC = YES;
				CLANG_ENABLE_OBJC_WEAK = YES;
				CLANG_WARN_BLOCK_CAPTURE_AUTORELEASING = YES;
				CLANG_WARN_BOOL_CONVERSION = YES;
				CLANG_WARN_COMMA = YES;
				CLANG_WARN_CONSTANT_CONVERSION = YES;
				CLANG_WARN_DEPRECATED_OBJC_IMPLEMENTATIONS = YES;
				CLANG_WARN_DIRECT_OBJC_ISA_USAGE = YES_ERROR;
				CLANG_WARN_DOCUMENTATION_COMMENTS = YES;
				CLANG_WARN_EMPTY_BODY = YES;
				CLANG_WARN_ENUM_CONVERSION = YES;
				CLANG_WARN_INFINITE_RECURSION = YES;
				CLANG_WARN_INT_CONVERSION = YES;
				CLANG_WARN_NON_LITERAL_NULL_CONVERSION = YES;
				CLANG_WARN_OBJC_IMPLICIT_RETAIN_SELF = YES;
				CLANG_WARN_OBJC_LITERAL_CONVERSION = YES;
				CLANG_WARN_OBJC_ROOT_CLASS = YES_ERROR;
				CLANG_WARN_RANGE_LOOP_ANALYSIS = YES;
				CLANG_WARN_STRICT_PROTOTYPES = YES;
				CLANG_WARN_SUSPICIOUS_MOVE = YES;
				CLANG_WARN_UNGUARDED_AVAILABILITY = YES_AGGRESSIVE;
				CLANG_WARN_UNREACHABLE_CODE = YES;
				CLANG_WARN__DUPLICATE_METHOD_MATCH = YES;
				COPY_PHASE_STRIP = NO;
				DEBUG_INFORMATION_FORMAT = dwarf;
				ENABLE_STRICT_OBJC_MSGSEND = YES;
				ENABLE_TESTABILITY = YES;
				GCC_C_LANGUAGE_STANDARD = gnu11;
				GCC_DYNAMIC_NO_PIC = NO;
				GCC_NO_COMMON_BLOCKS = YES;
				GCC_OPTIMIZATION_LEVEL = 0;
				GCC_PREPROCESSOR_DEFINITIONS = (
					"DEBUG=1",
					"$(inherited)",
				);
				GCC_WARN_64_TO_32_BIT_CONVERSION = YES;
				GCC_WARN_ABOUT_RETURN_TYPE = YES_ERROR;
				GCC_WARN_UNDECLARED_SELECTOR = YES;
				GCC_WARN_UNINITIALIZED_AUTOS = YES_AGGRESSIVE;
				GCC_WARN_UNUSED_FUNCTION = YES;
				GCC_WARN_UNUSED_VARIABLE = YES;
				IPHONEOS_DEPLOYMENT_TARGET = 13.5;
				MTL_ENABLE_DEBUG_INFO = INCLUDE_SOURCE;
				MTL_FAST_MATH = YES;
				ONLY_ACTIVE_ARCH = YES;
				SDKROOT = iphoneos;
				SWIFT_ACTIVE_COMPILATION_CONDITIONS = DEBUG;
				SWIFT_OPTIMIZATION_LEVEL = "-Onone";
			};
			name = Debug;
		};
		E240F9C724BEFB2000DB3D31 /* Release */ = {
			isa = XCBuildConfiguration;
			buildSettings = {
				ALWAYS_SEARCH_USER_PATHS = NO;
				CLANG_ANALYZER_NONNULL = YES;
				CLANG_ANALYZER_NUMBER_OBJECT_CONVERSION = YES_AGGRESSIVE;
				CLANG_CXX_LANGUAGE_STANDARD = "gnu++14";
				CLANG_CXX_LIBRARY = "libc++";
				CLANG_ENABLE_MODULES = YES;
				CLANG_ENABLE_OBJC_ARC = YES;
				CLANG_ENABLE_OBJC_WEAK = YES;
				CLANG_WARN_BLOCK_CAPTURE_AUTORELEASING = YES;
				CLANG_WARN_BOOL_CONVERSION = YES;
				CLANG_WARN_COMMA = YES;
				CLANG_WARN_CONSTANT_CONVERSION = YES;
				CLANG_WARN_DEPRECATED_OBJC_IMPLEMENTATIONS = YES;
				CLANG_WARN_DIRECT_OBJC_ISA_USAGE = YES_ERROR;
				CLANG_WARN_DOCUMENTATION_COMMENTS = YES;
				CLANG_WARN_EMPTY_BODY = YES;
				CLANG_WARN_ENUM_CONVERSION = YES;
				CLANG_WARN_INFINITE_RECURSION = YES;
				CLANG_WARN_INT_CONVERSION = YES;
				CLANG_WARN_NON_LITERAL_NULL_CONVERSION = YES;
				CLANG_WARN_OBJC_IMPLICIT_RETAIN_SELF = YES;
				CLANG_WARN_OBJC_LITERAL_CONVERSION = YES;
				CLANG_WARN_OBJC_ROOT_CLASS = YES_ERROR;
				CLANG_WARN_RANGE_LOOP_ANALYSIS = YES;
				CLANG_WARN_STRICT_PROTOTYPES = YES;
				CLANG_WARN_SUSPICIOUS_MOVE = YES;
				CLANG_WARN_UNGUARDED_AVAILABILITY = YES_AGGRESSIVE;
				CLANG_WARN_UNREACHABLE_CODE = YES;
				CLANG_WARN__DUPLICATE_METHOD_MATCH = YES;
				COPY_PHASE_STRIP = NO;
				DEBUG_INFORMATION_FORMAT = "dwarf-with-dsym";
				ENABLE_NS_ASSERTIONS = NO;
				ENABLE_STRICT_OBJC_MSGSEND = YES;
				GCC_C_LANGUAGE_STANDARD = gnu11;
				GCC_NO_COMMON_BLOCKS = YES;
				GCC_WARN_64_TO_32_BIT_CONVERSION = YES;
				GCC_WARN_ABOUT_RETURN_TYPE = YES_ERROR;
				GCC_WARN_UNDECLARED_SELECTOR = YES;
				GCC_WARN_UNINITIALIZED_AUTOS = YES_AGGRESSIVE;
				GCC_WARN_UNUSED_FUNCTION = YES;
				GCC_WARN_UNUSED_VARIABLE = YES;
				IPHONEOS_DEPLOYMENT_TARGET = 13.5;
				MTL_ENABLE_DEBUG_INFO = NO;
				MTL_FAST_MATH = YES;
				SDKROOT = iphoneos;
				SWIFT_COMPILATION_MODE = wholemodule;
				SWIFT_OPTIMIZATION_LEVEL = "-O";
				VALIDATE_PRODUCT = YES;
			};
			name = Release;
		};
		E240F9C924BEFB2000DB3D31 /* Debug */ = {
			isa = XCBuildConfiguration;
			buildSettings = {
				ASSETCATALOG_COMPILER_APPICON_NAME = AppIcon;
				CODE_SIGN_STYLE = Automatic;
				INFOPLIST_FILE = "youtube-onedaybuild/Info.plist";
				LD_RUNPATH_SEARCH_PATHS = (
					"$(inherited)",
					"@executable_path/Frameworks",
				);
				PRODUCT_BUNDLE_IDENTIFIER = "com.maximilianantonmetz.youtube-onedaybuild";
				PRODUCT_NAME = "$(TARGET_NAME)";
				SWIFT_VERSION = 5.0;
				TARGETED_DEVICE_FAMILY = "1,2";
			};
			name = Debug;
		};
		E240F9CA24BEFB2000DB3D31 /* Release */ = {
			isa = XCBuildConfiguration;
			buildSettings = {
				ASSETCATALOG_COMPILER_APPICON_NAME = AppIcon;
				CODE_SIGN_STYLE = Automatic;
				INFOPLIST_FILE = "youtube-onedaybuild/Info.plist";
				LD_RUNPATH_SEARCH_PATHS = (
					"$(inherited)",
					"@executable_path/Frameworks",
				);
				PRODUCT_BUNDLE_IDENTIFIER = "com.maximilianantonmetz.youtube-onedaybuild";
				PRODUCT_NAME = "$(TARGET_NAME)";
				SWIFT_VERSION = 5.0;
				TARGETED_DEVICE_FAMILY = "1,2";
			};
			name = Release;
		};
/* End XCBuildConfiguration section */

/* Begin XCConfigurationList section */
		E240F9AF24BEFB1D00DB3D31 /* Build configuration list for PBXProject "youtube-onedaybuild" */ = {
			isa = XCConfigurationList;
			buildConfigurations = (
				E240F9C624BEFB2000DB3D31 /* Debug */,
				E240F9C724BEFB2000DB3D31 /* Release */,
			);
			defaultConfigurationIsVisible = 0;
			defaultConfigurationName = Release;
		};
		E240F9C824BEFB2000DB3D31 /* Build configuration list for PBXNativeTarget "youtube-onedaybuild" */ = {
			isa = XCConfigurationList;
			buildConfigurations = (
				E240F9C924BEFB2000DB3D31 /* Debug */,
				E240F9CA24BEFB2000DB3D31 /* Release */,
			);
			defaultConfigurationIsVisible = 0;
			defaultConfigurationName = Release;
		};
/* End XCConfigurationList section */
	};
	rootObject = E240F9AC24BEFB1D00DB3D31 /* Project object */;
}
